// !$*UTF8*$!
{
	archiveVersion = 1;
	classes = {
	};
	objectVersion = 46;
	objects = {

/* Begin PBXBuildFile section */
		4671F6AD1E4FED2E006C26D3 /* AppDelegate.swift in Sources */ = {isa = PBXBuildFile; fileRef = 4671F6AC1E4FED2E006C26D3 /* AppDelegate.swift */; };
		4671F6AF1E4FED2E006C26D3 /* ViewController.swift in Sources */ = {isa = PBXBuildFile; fileRef = 4671F6AE1E4FED2E006C26D3 /* ViewController.swift */; };
		4671F6B21E4FED2E006C26D3 /* Main.storyboard in Resources */ = {isa = PBXBuildFile; fileRef = 4671F6B01E4FED2E006C26D3 /* Main.storyboard */; };
		4671F6B41E4FED2E006C26D3 /* Assets.xcassets in Resources */ = {isa = PBXBuildFile; fileRef = 4671F6B31E4FED2E006C26D3 /* Assets.xcassets */; };
		4671F6B71E4FED2E006C26D3 /* LaunchScreen.storyboard in Resources */ = {isa = PBXBuildFile; fileRef = 4671F6B51E4FED2E006C26D3 /* LaunchScreen.storyboard */; };
		4671F6BF1E4FED70006C26D3 /* MetalView.swift in Sources */ = {isa = PBXBuildFile; fileRef = 4671F6BE1E4FED70006C26D3 /* MetalView.swift */; };
		4671F6C41E500278006C26D3 /* MetalKit.framework in Frameworks */ = {isa = PBXBuildFile; fileRef = 4671F6C31E500278006C26D3 /* MetalKit.framework */; };
		4671F6CC1E502D03006C26D3 /* Shader.metal in Sources */ = {isa = PBXBuildFile; fileRef = 4671F6CB1E502D03006C26D3 /* Shader.metal */; };
/* End PBXBuildFile section */

/* Begin PBXFileReference section */
		4671F6A91E4FED2E006C26D3 /* MetalCamera.app */ = {isa = PBXFileReference; explicitFileType = wrapper.application; includeInIndex = 0; path = MetalCamera.app; sourceTree = BUILT_PRODUCTS_DIR; };
		4671F6AC1E4FED2E006C26D3 /* AppDelegate.swift */ = {isa = PBXFileReference; lastKnownFileType = sourcecode.swift; path = AppDelegate.swift; sourceTree = "<group>"; };
		4671F6AE1E4FED2E006C26D3 /* ViewController.swift */ = {isa = PBXFileReference; lastKnownFileType = sourcecode.swift; path = ViewController.swift; sourceTree = "<group>"; };
		4671F6B11E4FED2E006C26D3 /* Base */ = {isa = PBXFileReference; lastKnownFileType = file.storyboard; name = Base; path = Base.lproj/Main.storyboard; sourceTree = "<group>"; };
		4671F6B31E4FED2E006C26D3 /* Assets.xcassets */ = {isa = PBXFileReference; lastKnownFileType = folder.assetcatalog; path = Assets.xcassets; sourceTree = "<group>"; };
		4671F6B61E4FED2E006C26D3 /* Base */ = {isa = PBXFileReference; lastKnownFileType = file.storyboard; name = Base; path = Base.lproj/LaunchScreen.storyboard; sourceTree = "<group>"; };
		4671F6B81E4FED2E006C26D3 /* Info.plist */ = {isa = PBXFileReference; lastKnownFileType = text.plist.xml; path = Info.plist; sourceTree = "<group>"; };
		4671F6BE1E4FED70006C26D3 /* MetalView.swift */ = {isa = PBXFileReference; fileEncoding = 4; lastKnownFileType = sourcecode.swift; path = MetalView.swift; sourceTree = "<group>"; };
		4671F6C31E500278006C26D3 /* MetalKit.framework */ = {isa = PBXFileReference; lastKnownFileType = wrapper.framework; name = MetalKit.framework; path = System/Library/Frameworks/MetalKit.framework; sourceTree = SDKROOT; };
		4671F6C51E500288006C26D3 /* Metal.framework */ = {isa = PBXFileReference; lastKnownFileType = wrapper.framework; name = Metal.framework; path = System/Library/Frameworks/Metal.framework; sourceTree = SDKROOT; };
		4671F6C91E501B5D006C26D3 /* MetalPerformanceShaders.framework */ = {isa = PBXFileReference; lastKnownFileType = wrapper.framework; name = MetalPerformanceShaders.framework; path = System/Library/Frameworks/MetalPerformanceShaders.framework; sourceTree = SDKROOT; };
		4671F6CB1E502D03006C26D3 /* Shader.metal */ = {isa = PBXFileReference; fileEncoding = 4; lastKnownFileType = sourcecode.metal; path = Shader.metal; sourceTree = "<group>"; };
/* End PBXFileReference section */

/* Begin PBXFrameworksBuildPhase section */
		4671F6A61E4FED2E006C26D3 /* Frameworks */ = {
			isa = PBXFrameworksBuildPhase;
			buildActionMask = 2147483647;
			files = (
				4671F6C41E500278006C26D3 /* MetalKit.framework in Frameworks */,
			);
			runOnlyForDeploymentPostprocessing = 0;
		};
/* End PBXFrameworksBuildPhase section */

/* Begin PBXGroup section */
		4671F6A01E4FED2E006C26D3 = {
			isa = PBXGroup;
			children = (
				4671F6AB1E4FED2E006C26D3 /* MetalCamera */,
				4671F6AA1E4FED2E006C26D3 /* Products */,
				4671F6C21E500278006C26D3 /* Frameworks */,
			);
			sourceTree = "<group>";
		};
		4671F6AA1E4FED2E006C26D3 /* Products */ = {
			isa = PBXGroup;
			children = (
				4671F6A91E4FED2E006C26D3 /* MetalCamera.app */,
			);
			name = Products;
			sourceTree = "<group>";
		};
		4671F6AB1E4FED2E006C26D3 /* MetalCamera */ = {
			isa = PBXGroup;
			children = (
				4671F6AC1E4FED2E006C26D3 /* AppDelegate.swift */,
				4671F6B31E4FED2E006C26D3 /* Assets.xcassets */,
				4671F6B81E4FED2E006C26D3 /* Info.plist */,
				4671F6B51E4FED2E006C26D3 /* LaunchScreen.storyboard */,
				4671F6B01E4FED2E006C26D3 /* Main.storyboard */,
				4671F6BE1E4FED70006C26D3 /* MetalView.swift */,
				4671F6AE1E4FED2E006C26D3 /* ViewController.swift */,
				4671F6CB1E502D03006C26D3 /* Shader.metal */,
			);
			path = MetalCamera;
			sourceTree = "<group>";
		};
		4671F6C21E500278006C26D3 /* Frameworks */ = {
			isa = PBXGroup;
			children = (
				4671F6C91E501B5D006C26D3 /* MetalPerformanceShaders.framework */,
				4671F6C51E500288006C26D3 /* Metal.framework */,
				4671F6C31E500278006C26D3 /* MetalKit.framework */,
			);
			name = Frameworks;
			sourceTree = "<group>";
		};
/* End PBXGroup section */

/* Begin PBXNativeTarget section */
		4671F6A81E4FED2E006C26D3 /* MetalCamera */ = {
			isa = PBXNativeTarget;
			buildConfigurationList = 4671F6BB1E4FED2E006C26D3 /* Build configuration list for PBXNativeTarget "MetalCamera" */;
			buildPhases = (
				4671F6A51E4FED2E006C26D3 /* Sources */,
				4671F6A61E4FED2E006C26D3 /* Frameworks */,
				4671F6A71E4FED2E006C26D3 /* Resources */,
			);
			buildRules = (
			);
			dependencies = (
			);
			name = MetalCamera;
			productName = MetalCamera;
			productReference = 4671F6A91E4FED2E006C26D3 /* MetalCamera.app */;
			productType = "com.apple.product-type.application";
		};
/* End PBXNativeTarget section */

/* Begin PBXProject section */
		4671F6A11E4FED2E006C26D3 /* Project object */ = {
			isa = PBXProject;
			attributes = {
				LastSwiftUpdateCheck = 0820;
				LastUpgradeCheck = 0820;
				TargetAttributes = {
					4671F6A81E4FED2E006C26D3 = {
						CreatedOnToolsVersion = 8.2.1;
						ProvisioningStyle = Automatic;
					};
				};
			};
			buildConfigurationList = 4671F6A41E4FED2E006C26D3 /* Build configuration list for PBXProject "MetalCamera" */;
			compatibilityVersion = "Xcode 3.2";
			developmentRegion = English;
			hasScannedForEncodings = 0;
			knownRegions = (
				en,
				Base,
			);
			mainGroup = 4671F6A01E4FED2E006C26D3;
			productRefGroup = 4671F6AA1E4FED2E006C26D3 /* Products */;
			projectDirPath = "";
			projectRoot = "";
			targets = (
				4671F6A81E4FED2E006C26D3 /* MetalCamera */,
			);
		};
/* End PBXProject section */

/* Begin PBXResourcesBuildPhase section */
		4671F6A71E4FED2E006C26D3 /* Resources */ = {
			isa = PBXResourcesBuildPhase;
			buildActionMask = 2147483647;
			files = (
				4671F6B71E4FED2E006C26D3 /* LaunchScreen.storyboard in Resources */,
				4671F6B41E4FED2E006C26D3 /* Assets.xcassets in Resources */,
				4671F6B21E4FED2E006C26D3 /* Main.storyboard in Resources */,
			);
			runOnlyForDeploymentPostprocessing = 0;
		};
/* End PBXResourcesBuildPhase section */

/* Begin PBXSourcesBuildPhase section */
		4671F6A51E4FED2E006C26D3 /* Sources */ = {
			isa = PBXSourcesBuildPhase;
			buildActionMask = 2147483647;
			files = (
				4671F6CC1E502D03006C26D3 /* Shader.metal in Sources */,
				4671F6BF1E4FED70006C26D3 /* MetalView.swift in Sources */,
				4671F6AF1E4FED2E006C26D3 /* ViewController.swift in Sources */,
				4671F6AD1E4FED2E006C26D3 /* AppDelegate.swift in Sources */,
			);
			runOnlyForDeploymentPostprocessing = 0;
		};
/* End PBXSourcesBuildPhase section */

/* Begin PBXVariantGroup section */
		4671F6B01E4FED2E006C26D3 /* Main.storyboard */ = {
			isa = PBXVariantGroup;
			children = (
				4671F6B11E4FED2E006C26D3 /* Base */,
			);
			name = Main.storyboard;
			sourceTree = "<group>";
		};
		4671F6B51E4FED2E006C26D3 /* LaunchScreen.storyboard */ = {
			isa = PBXVariantGroup;
			children = (
				4671F6B61E4FED2E006C26D3 /* Base */,
			);
			name = LaunchScreen.storyboard;
			sourceTree = "<group>";
		};
/* End PBXVariantGroup section */

/* Begin XCBuildConfiguration section */
		4671F6B91E4FED2E006C26D3 /* Debug */ = {
			isa = XCBuildConfiguration;
			buildSettings = {
				ALWAYS_SEARCH_USER_PATHS = NO;
				CLANG_ANALYZER_NONNULL = YES;
				CLANG_CXX_LANGUAGE_STANDARD = "gnu++0x";
				CLANG_CXX_LIBRARY = "libc++";
				CLANG_ENABLE_MODULES = YES;
				CLANG_ENABLE_OBJC_ARC = YES;
				CLANG_WARN_BOOL_CONVERSION = YES;
				CLANG_WARN_CONSTANT_CONVERSION = YES;
				CLANG_WARN_DIRECT_OBJC_ISA_USAGE = YES_ERROR;
				CLANG_WARN_DOCUMENTATION_COMMENTS = YES;
				CLANG_WARN_EMPTY_BODY = YES;
				CLANG_WARN_ENUM_CONVERSION = YES;
				CLANG_WARN_INFINITE_RECURSION = YES;
				CLANG_WARN_INT_CONVERSION = YES;
				CLANG_WARN_OBJC_ROOT_CLASS = YES_ERROR;
				CLANG_WARN_SUSPICIOUS_MOVE = YES;
				CLANG_WARN_UNREACHABLE_CODE = YES;
				CLANG_WARN__DUPLICATE_METHOD_MATCH = YES;
				"CODE_SIGN_IDENTITY[sdk=iphoneos*]" = "iPhone Developer";
				COPY_PHASE_STRIP = NO;
				DEBUG_INFORMATION_FORMAT = dwarf;
				ENABLE_STRICT_OBJC_MSGSEND = YES;
				ENABLE_TESTABILITY = YES;
				GCC_C_LANGUAGE_STANDARD = gnu99;
				GCC_DYNAMIC_NO_PIC = NO;
				GCC_NO_COMMON_BLOCKS = YES;
				GCC_OPTIMIZATION_LEVEL = 0;
				GCC_PREPROCESSOR_DEFINITIONS = (
					"DEBUG=1",
					"$(inherited)",
				);
				GCC_WARN_64_TO_32_BIT_CONVERSION = YES;
				GCC_WARN_ABOUT_RETURN_TYPE = YES_ERROR;
				GCC_WARN_UNDECLARED_SELECTOR = YES;
				GCC_WARN_UNINITIALIZED_AUTOS = YES_AGGRESSIVE;
				GCC_WARN_UNUSED_FUNCTION = YES;
				GCC_WARN_UNUSED_VARIABLE = YES;
				IPHONEOS_DEPLOYMENT_TARGET = 10.0;
				MTL_ENABLE_DEBUG_INFO = YES;
				ONLY_ACTIVE_ARCH = YES;
				SDKROOT = iphoneos;
				SWIFT_ACTIVE_COMPILATION_CONDITIONS = DEBUG;
				SWIFT_OPTIMIZATION_LEVEL = "-Onone";
				TARGETED_DEVICE_FAMILY = "1,2";
			};
			name = Debug;
		};
		4671F6BA1E4FED2E006C26D3 /* Release */ = {
			isa = XCBuildConfiguration;
			buildSettings = {
				ALWAYS_SEARCH_USER_PATHS = NO;
				CLANG_ANALYZER_NONNULL = YES;
				CLANG_CXX_LANGUAGE_STANDARD = "gnu++0x";
				CLANG_CXX_LIBRARY = "libc++";
				CLANG_ENABLE_MODULES = YES;
				CLANG_ENABLE_OBJC_ARC = YES;
				CLANG_WARN_BOOL_CONVERSION = YES;
				CLANG_WARN_CONSTANT_CONVERSION = YES;
				CLANG_WARN_DIRECT_OBJC_ISA_USAGE = YES_ERROR;
				CLANG_WARN_DOCUMENTATION_COMMENTS = YES;
				CLANG_WARN_EMPTY_BODY = YES;
				CLANG_WARN_ENUM_CONVERSION = YES;
				CLANG_WARN_INFINITE_RECURSION = YES;
				CLANG_WARN_INT_CONVERSION = YES;
				CLANG_WARN_OBJC_ROOT_CLASS = YES_ERROR;
				CLANG_WARN_SUSPICIOUS_MOVE = YES;
				CLANG_WARN_UNREACHABLE_CODE = YES;
				CLANG_WARN__DUPLICATE_METHOD_MATCH = YES;
				"CODE_SIGN_IDENTITY[sdk=iphoneos*]" = "iPhone Developer";
				COPY_PHASE_STRIP = NO;
				DEBUG_INFORMATION_FORMAT = "dwarf-with-dsym";
				ENABLE_NS_ASSERTIONS = NO;
				ENABLE_STRICT_OBJC_MSGSEND = YES;
				GCC_C_LANGUAGE_STANDARD = gnu99;
				GCC_NO_COMMON_BLOCKS = YES;
				GCC_WARN_64_TO_32_BIT_CONVERSION = YES;
				GCC_WARN_ABOUT_RETURN_TYPE = YES_ERROR;
				GCC_WARN_UNDECLARED_SELECTOR = YES;
				GCC_WARN_UNINITIALIZED_AUTOS = YES_AGGRESSIVE;
				GCC_WARN_UNUSED_FUNCTION = YES;
				GCC_WARN_UNUSED_VARIABLE = YES;
				IPHONEOS_DEPLOYMENT_TARGET = 10.0;
				MTL_ENABLE_DEBUG_INFO = NO;
				SDKROOT = iphoneos;
				SWIFT_OPTIMIZATION_LEVEL = "-Owholemodule";
				TARGETED_DEVICE_FAMILY = "1,2";
				VALIDATE_PRODUCT = YES;
			};
			name = Release;
		};
		4671F6BC1E4FED2E006C26D3 /* Debug */ = {
			isa = XCBuildConfiguration;
			buildSettings = {
				ASSETCATALOG_COMPILER_APPICON_NAME = AppIcon;
				DEVELOPMENT_TEAM = "";
				INFOPLIST_FILE = MetalCamera/Info.plist;
				LD_RUNPATH_SEARCH_PATHS = "$(inherited) @executable_path/Frameworks";
				PRODUCT_BUNDLE_IDENTIFIER = jp.co.MetalCamera;
				PRODUCT_NAME = "$(TARGET_NAME)";
				SWIFT_VERSION = 3.0;
			};
			name = Debug;
		};
		4671F6BD1E4FED2E006C26D3 /* Release */ = {
			isa = XCBuildConfiguration;
			buildSettings = {
				ASSETCATALOG_COMPILER_APPICON_NAME = AppIcon;
				DEVELOPMENT_TEAM = "";
				INFOPLIST_FILE = MetalCamera/Info.plist;
				LD_RUNPATH_SEARCH_PATHS = "$(inherited) @executable_path/Frameworks";
				PRODUCT_BUNDLE_IDENTIFIER = jp.co.MetalCamera;
				PRODUCT_NAME = "$(TARGET_NAME)";
				SWIFT_VERSION = 3.0;
			};
			name = Release;
		};
/* End XCBuildConfiguration section */

/* Begin XCConfigurationList section */
		4671F6A41E4FED2E006C26D3 /* Build configuration list for PBXProject "MetalCamera" */ = {
			isa = XCConfigurationList;
			buildConfigurations = (
				4671F6B91E4FED2E006C26D3 /* Debug */,
				4671F6BA1E4FED2E006C26D3 /* Release */,
			);
			defaultConfigurationIsVisible = 0;
			defaultConfigurationName = Release;
		};
		4671F6BB1E4FED2E006C26D3 /* Build configuration list for PBXNativeTarget "MetalCamera" */ = {
			isa = XCConfigurationList;
			buildConfigurations = (
				4671F6BC1E4FED2E006C26D3 /* Debug */,
				4671F6BD1E4FED2E006C26D3 /* Release */,
			);
			defaultConfigurationIsVisible = 0;
			defaultConfigurationName = Release;
		};
/* End XCConfigurationList section */
	};
	rootObject = 4671F6A11E4FED2E006C26D3 /* Project object */;
}
